
Microsoft Visual Studio Solution File, Format Version 12.00
# Visual Studio 14
VisualStudioVersion = 14.0.23107.0
MinimumVisualStudioVersion = 10.0.40219.1
Project("{FAE04EC0-301F-11D3-BF4B-00C04F79EFBC}") = "Task1", "HW_Abstraction 19.08.15\Task1.csproj", "{51AB9217-4951-4F85-A2C6-0E052037EBF1}"
EndProject
Project("{FAE04EC0-301F-11D3-BF4B-00C04F79EFBC}") = "Task2", "Task2\Task2.csproj", "{B784D258-138A-4517-B126-904F8139466B}"
EndProject
Global
	GlobalSection(SolutionConfigurationPlatforms) = preSolution
		Debug|Any CPU = Debug|Any CPU
		Release|Any CPU = Release|Any CPU
	EndGlobalSection
	GlobalSection(ProjectConfigurationPlatforms) = postSolution
		{51AB9217-4951-4F85-A2C6-0E052037EBF1}.Debug|Any CPU.ActiveCfg = Debug|Any CPU
		{51AB9217-4951-4F85-A2C6-0E052037EBF1}.Debug|Any CPU.Build.0 = Debug|Any CPU
		{51AB9217-4951-4F85-A2C6-0E052037EBF1}.Release|Any CPU.ActiveCfg = Release|Any CPU
		{51AB9217-4951-4F85-A2C6-0E052037EBF1}.Release|Any CPU.Build.0 = Release|Any CPU
		{B784D258-138A-4517-B126-904F8139466B}.Debug|Any CPU.ActiveCfg = Debug|Any CPU
		{B784D258-138A-4517-B126-904F8139466B}.Debug|Any CPU.Build.0 = Debug|Any CPU
		{B784D258-138A-4517-B126-904F8139466B}.Release|Any CPU.ActiveCfg = Release|Any CPU
		{B784D258-138A-4517-B126-904F8139466B}.Release|Any CPU.Build.0 = Release|Any CPU
	EndGlobalSection
	GlobalSection(SolutionProperties) = preSolution
		HideSolutionNode = FALSE
	EndGlobalSection
EndGlobal
